Microsoft Visual Studio Solution File, Format Version 12.00
# Visual Studio 2012
Project("{FAE04EC0-301F-11D3-BF4B-00C04F79EFBC}") = "Meat&Cheese Galactic Server", "Meat&Cheese Galactic Server.csproj", "{FDFDBEF2-549A-4AE1-BF3E-DC50CBD18AE5}"
EndProject
Global
	GlobalSection(SolutionConfigurationPlatforms) = preSolution
	Debug|Any CPU = Debug|Any CPU
	ExportDebug|Any CPU = ExportDebug|Any CPU
	ExportRelease|Any CPU = ExportRelease|Any CPU
	EndGlobalSection
	GlobalSection(ProjectConfigurationPlatforms) = postSolution
		{FDFDBEF2-549A-4AE1-BF3E-DC50CBD18AE5}.Debug|Any CPU.ActiveCfg = Debug|Any CPU
		{FDFDBEF2-549A-4AE1-BF3E-DC50CBD18AE5}.Debug|Any CPU.Build.0 = Debug|Any CPU
		{FDFDBEF2-549A-4AE1-BF3E-DC50CBD18AE5}.ExportDebug|Any CPU.ActiveCfg = ExportDebug|Any CPU
		{FDFDBEF2-549A-4AE1-BF3E-DC50CBD18AE5}.ExportDebug|Any CPU.Build.0 = ExportDebug|Any CPU
		{FDFDBEF2-549A-4AE1-BF3E-DC50CBD18AE5}.ExportRelease|Any CPU.ActiveCfg = ExportRelease|Any CPU
		{FDFDBEF2-549A-4AE1-BF3E-DC50CBD18AE5}.ExportRelease|Any CPU.Build.0 = ExportRelease|Any CPU
	EndGlobalSection
EndGlobal
