Microsoft Visual Studio Solution File, Format Version 12.00
# Visual Studio 2012
Project("{FAE04EC0-301F-11D3-BF4B-00C04F79EFBC}") = "Meat&Cheese Galactic 2 Server", "Meat&Cheese Galactic 2 Server.csproj", "{9368D0E8-52E9-4F79-8BF1-7D5C6D2955BF}"
EndProject
Global
	GlobalSection(SolutionConfigurationPlatforms) = preSolution
	Debug|Any CPU = Debug|Any CPU
	ExportDebug|Any CPU = ExportDebug|Any CPU
	ExportRelease|Any CPU = ExportRelease|Any CPU
	EndGlobalSection
	GlobalSection(ProjectConfigurationPlatforms) = postSolution
		{9368D0E8-52E9-4F79-8BF1-7D5C6D2955BF}.Debug|Any CPU.ActiveCfg = Debug|Any CPU
		{9368D0E8-52E9-4F79-8BF1-7D5C6D2955BF}.Debug|Any CPU.Build.0 = Debug|Any CPU
		{9368D0E8-52E9-4F79-8BF1-7D5C6D2955BF}.ExportDebug|Any CPU.ActiveCfg = ExportDebug|Any CPU
		{9368D0E8-52E9-4F79-8BF1-7D5C6D2955BF}.ExportDebug|Any CPU.Build.0 = ExportDebug|Any CPU
		{9368D0E8-52E9-4F79-8BF1-7D5C6D2955BF}.ExportRelease|Any CPU.ActiveCfg = ExportRelease|Any CPU
		{9368D0E8-52E9-4F79-8BF1-7D5C6D2955BF}.ExportRelease|Any CPU.Build.0 = ExportRelease|Any CPU
	EndGlobalSection
EndGlobal
